{
  "name": "com.psigenvision.utilities.native",
  "version": "0.9.11",
  "lockfileVersion": 3,
  "requires": true,
  "packages": {
    "": {
      "name": "com.psigenvision.utilities.native",
      "version": "0.9.11",
      "dependencies": {
        "com.psigenvision.utilities.core": "^0.1.0"
      }
    },
    "node_modules/com.psigenvision.utilities.core": {
      "version": "0.1.1",
      "resolved": "https://registry.psigenvision.com/com.psigenvision.utilities.core/-/com.psigenvision.utilities.core-0.1.1.tgz",
      "integrity": "sha512-WuJ6igEE8PDNRfG4rXoGMETASXfXnxDJLLo2bqm6b8FHstGlV+uhR7h7y3U6qt8+gL2kW9JsVQf2jdFa0zy10g=="
    }
  }
}
